
Microsoft Visual Studio Solution File, Format Version 12.00
# Visual Studio 15
VisualStudioVersion = 15.0.27703.2035
MinimumVisualStudioVersion = 10.0.40219.1
Project("{FAE04EC0-301F-11D3-BF4B-00C04F79EFBC}") = "ReflectLoad1", "ReflectLoad1\ReflectLoad1.csproj", "{4ACC9801-A9A3-4D36-A253-DD0EF2C530B7}"
EndProject
Project("{FAE04EC0-301F-11D3-BF4B-00C04F79EFBC}") = "TestLib1", "TestLib1\TestLib1.csproj", "{80166798-AD11-41DF-8DCE-323D289618A7}"
EndProject
Global
	GlobalSection(SolutionConfigurationPlatforms) = preSolution
		Debug|Any CPU = Debug|Any CPU
		Release|Any CPU = Release|Any CPU
	EndGlobalSection
	GlobalSection(ProjectConfigurationPlatforms) = postSolution
		{4ACC9801-A9A3-4D36-A253-DD0EF2C530B7}.Debug|Any CPU.ActiveCfg = Debug|Any CPU
		{4ACC9801-A9A3-4D36-A253-DD0EF2C530B7}.Debug|Any CPU.Build.0 = Debug|Any CPU
		{4ACC9801-A9A3-4D36-A253-DD0EF2C530B7}.Release|Any CPU.ActiveCfg = Release|Any CPU
		{4ACC9801-A9A3-4D36-A253-DD0EF2C530B7}.Release|Any CPU.Build.0 = Release|Any CPU
		{80166798-AD11-41DF-8DCE-323D289618A7}.Debug|Any CPU.ActiveCfg = Debug|Any CPU
		{80166798-AD11-41DF-8DCE-323D289618A7}.Debug|Any CPU.Build.0 = Debug|Any CPU
		{80166798-AD11-41DF-8DCE-323D289618A7}.Release|Any CPU.ActiveCfg = Release|Any CPU
		{80166798-AD11-41DF-8DCE-323D289618A7}.Release|Any CPU.Build.0 = Release|Any CPU
	EndGlobalSection
	GlobalSection(SolutionProperties) = preSolution
		HideSolutionNode = FALSE
	EndGlobalSection
	GlobalSection(ExtensibilityGlobals) = postSolution
		SolutionGuid = {095B2B6D-A7C8-44E2-90AB-6CC3901CF671}
	EndGlobalSection
EndGlobal
